<?xml version="1.0" encoding="utf-8"?>
<Project ToolsVersion="4.0" xmlns="http://schemas.microsoft.com/developer/msbuild/2003">
  <ItemGroup>
    <Filter Include="Source Files">
      <UniqueIdentifier>{4FC737F1-C7A5-4376-A066-2A32D752A2FF}</UniqueIdentifier>
      <Extensions>qml;cpp;c;cc;cxx;def;odl;idl;hpj;bat;asm;asmx</Extensions>
    </Filter>
    <Filter Include="Header Files">
      <UniqueIdentifier>{93995380-89BD-4b04-88EB-625FBE52EBFB}</UniqueIdentifier>
      <Extensions>h;hh;hpp;hxx;hm;inl;inc;xsd</Extensions>
    </Filter>
    <Filter Include="Resource Files">
      <UniqueIdentifier>{67DA6AB6-F800-4c08-8B7A-83BB121AAD01}</UniqueIdentifier>
      <Extensions>qrc;rc;ico;cur;bmp;dlg;rc2;rct;bin;rgs;gif;jpg;jpeg;jpe;resx;tiff;tif;png;wav;mfcribbon-ms</Extensions>
    </Filter>
    <Filter Include="Form Files">
      <UniqueIdentifier>{99349809-55BA-4b9d-BF79-8FDBB0286EB3}</UniqueIdentifier>
      <Extensions>ui</Extensions>
    </Filter>
    <Filter Include="Translation Files">
      <UniqueIdentifier>{639EADAA-A684-42e4-A9AD-28FC9BCB8F7C}</UniqueIdentifier>
      <Extensions>ts</Extensions>
    </Filter>
  </ItemGroup>
  <ItemGroup>
    <QtRcc Include="LightRender.qrc">
      <Filter>Resource Files</Filter>
    </QtRcc>
    <QtUic Include="LightRender.ui">
      <Filter>Form Files</Filter>
    </QtUic>
    <QtMoc Include="ui\include\LrWidget.h">
      <Filter>Header Files</Filter>
    </QtMoc>
    <ClCompile Include="ui\LrWidget.cpp">
      <Filter>Source Files</Filter>
    </ClCompile>
  </ItemGroup>
  <ItemGroup>
    <ClCompile Include="main.cpp">
      <Filter>Source Files</Filter>
    </ClCompile>
    <ClCompile Include="engine\gfx\Shader.cpp">
      <Filter>Source Files</Filter>
    </ClCompile>
    <ClCompile Include="common\Logger.cpp">
      <Filter>Source Files</Filter>
    </ClCompile>
    <ClCompile Include="engine\gfx\GfxContext.cpp">
      <Filter>Source Files</Filter>
    </ClCompile>
    <ClCompile Include="common\LightThread.cpp">
      <Filter>Source Files</Filter>
    </ClCompile>
    <ClCompile Include="engine\gfx\GfxThread.cpp">
      <Filter>Source Files</Filter>
    </ClCompile>
    <ClCompile Include="common\SystemUtil.cpp">
      <Filter>Source Files</Filter>
    </ClCompile>
    <ClCompile Include="engine\view\render\Render.cpp">
      <Filter>Source Files</Filter>
    </ClCompile>
    <ClCompile Include="engine\view\ViewLib.cpp">
      <Filter>Source Files</Filter>
    </ClCompile>
    <ClCompile Include="engine\view\Camera.cpp">
      <Filter>Source Files</Filter>
    </ClCompile>
    <ClCompile Include="engine\view\ViewTransform.cpp">
      <Filter>Source Files</Filter>
    </ClCompile>
    <ClCompile Include="engine\view\Frustum.cpp">
      <Filter>Source Files</Filter>
    </ClCompile>
    <ClCompile Include="engine\view\Viewport.cpp">
      <Filter>Source Files</Filter>
    </ClCompile>
    <ClCompile Include="engine\view\layer\Layer.cpp">
      <Filter>Source Files</Filter>
    </ClCompile>
    <ClCompile Include="engine\view\render\SceneRender.cpp">
      <Filter>Source Files</Filter>
    </ClCompile>
    <ClCompile Include="engine\view\layer\ClearLayer.cpp">
      <Filter>Source Files</Filter>
    </ClCompile>
    <ClCompile Include="engine\view\layer\ObjLayer.cpp">
      <Filter>Source Files</Filter>
    </ClCompile>
    <ClCompile Include="engine\view\layer\items\ModelItem.cpp">
      <Filter>Source Files</Filter>
    </ClCompile>
    <ClCompile Include="common\AssetsMgr.cpp">
      <Filter>Source Files</Filter>
    </ClCompile>
    <ClCompile Include="engine\gfx\GfxMesh.cpp">
      <Filter>Source Files</Filter>
    </ClCompile>
    <ClCompile Include="engine\gfx\GfxHelper.cpp">
      <Filter>Source Files</Filter>
    </ClCompile>
    <ClCompile Include="engine\gfx\ShaderMgr.cpp">
      <Filter>Source Files</Filter>
    </ClCompile>
    <ClCompile Include="engine\view\layer\items\LayerItem.cpp">
      <Filter>Source Files</Filter>
    </ClCompile>
    <ClCompile Include="engine\gre\GreEventQueue.cpp">
      <Filter>Source Files</Filter>
    </ClCompile>
    <ClCompile Include="engine\view\render\RrtRender.cpp">
      <Filter>Source Files</Filter>
    </ClCompile>
    <ClCompile Include="engine\view\layer\RrtCanvasLayer.cpp">
      <Filter>Source Files</Filter>
    </ClCompile>
    <ClCompile Include="engine\rrt\accelerator\BVHBuilder.cpp">
      <Filter>Source Files</Filter>
    </ClCompile>
    <ClCompile Include="engine\rrt\tools\RrtBuffer.cpp">
      <Filter>Source Files</Filter>
    </ClCompile>
    <ClCompile Include="engine\rrt\tools\RrtTriBuf.cpp">
      <Filter>Source Files</Filter>
    </ClCompile>
    <ClCompile Include="engine\rrt\tools\RrtBVHBuf.cpp">
      <Filter>Source Files</Filter>
    </ClCompile>
    <ClCompile Include="engine\rrt\RrtTest.cpp">
      <Filter>Source Files</Filter>
    </ClCompile>
    <ClCompile Include="engine\rrt\obj\HittableList.cpp">
      <Filter>Source Files</Filter>
    </ClCompile>
    <ClCompile Include="engine\rrt\obj\Ray.cpp">
      <Filter>Source Files</Filter>
    </ClCompile>
    <ClCompile Include="engine\rrt\obj\Sphere.cpp">
      <Filter>Source Files</Filter>
    </ClCompile>
    <ClCompile Include="engine\rrt\tools\RrtCamera.cpp">
      <Filter>Source Files</Filter>
    </ClCompile>
    <ClCompile Include="engine\gfx\GfxLib.cpp">
      <Filter>Source Files</Filter>
    </ClCompile>
    <ClCompile Include="ui\LrMainWindow.cpp">
      <Filter>Source Files</Filter>
    </ClCompile>
    <ClCompile Include="engine\rrt\material\LambDiffuse.cpp">
      <Filter>Source Files</Filter>
    </ClCompile>
    <ClCompile Include="engine\rrt\material\Metal.cpp">
      <Filter>Source Files</Filter>
    </ClCompile>
    <ClCompile Include="engine\rrt\material\Dilectric.cpp">
      <Filter>Source Files</Filter>
    </ClCompile>
  </ItemGroup>
  <ItemGroup>
    <ClInclude Include="engine\gfx\include\Shader.h">
      <Filter>Header Files</Filter>
    </ClInclude>
    <ClInclude Include="common\include\Logger.h">
      <Filter>Header Files</Filter>
    </ClInclude>
    <ClInclude Include="engine\gfx\include\GfxContext.h">
      <Filter>Header Files</Filter>
    </ClInclude>
    <ClInclude Include="common\include\LightThread.h">
      <Filter>Header Files</Filter>
    </ClInclude>
    <ClInclude Include="engine\gfx\include\GfxThread.h">
      <Filter>Header Files</Filter>
    </ClInclude>
    <ClInclude Include="common\include\SystemUtil.h">
      <Filter>Header Files</Filter>
    </ClInclude>
    <ClInclude Include="engine\view\render\include\Render.h">
      <Filter>Header Files</Filter>
    </ClInclude>
    <ClInclude Include="engine\view\include\ViewLib.h">
      <Filter>Header Files</Filter>
    </ClInclude>
    <ClInclude Include="engine\view\include\Camera.h">
      <Filter>Header Files</Filter>
    </ClInclude>
    <ClInclude Include="engine\view\include\ViewTransform.h">
      <Filter>Header Files</Filter>
    </ClInclude>
    <ClInclude Include="engine\view\include\Frustum.h">
      <Filter>Header Files</Filter>
    </ClInclude>
    <ClInclude Include="engine\view\include\Viewport.h">
      <Filter>Header Files</Filter>
    </ClInclude>
    <ClInclude Include="engine\view\layer\include\Layer.h">
      <Filter>Header Files</Filter>
    </ClInclude>
    <ClInclude Include="engine\view\include\ViewDef.h">
      <Filter>Header Files</Filter>
    </ClInclude>
    <ClInclude Include="engine\view\layer\items\include\LayerItem.h">
      <Filter>Header Files</Filter>
    </ClInclude>
    <ClInclude Include="engine\view\render\include\SceneRender.h">
      <Filter>Header Files</Filter>
    </ClInclude>
    <ClInclude Include="engine\view\layer\include\ClearLayer.h">
      <Filter>Header Files</Filter>
    </ClInclude>
    <ClInclude Include="engine\view\layer\include\ObjLayer.h">
      <Filter>Header Files</Filter>
    </ClInclude>
    <ClInclude Include="engine\view\layer\items\include\ModelItem.h">
      <Filter>Header Files</Filter>
    </ClInclude>
    <ClInclude Include="common\include\AssetsMgr.h">
      <Filter>Header Files</Filter>
    </ClInclude>
    <ClInclude Include="engine\gfx\include\GfxMesh.h">
      <Filter>Header Files</Filter>
    </ClInclude>
    <ClInclude Include="engine\gfx\include\GfxDef.h">
      <Filter>Header Files</Filter>
    </ClInclude>
    <ClInclude Include="engine\gfx\include\GfxHelper.h">
      <Filter>Header Files</Filter>
    </ClInclude>
    <ClInclude Include="engine\gfx\include\ShaderMgr.h">
      <Filter>Header Files</Filter>
    </ClInclude>
    <ClInclude Include="engine\gre\include\GreDef.h">
      <Filter>Header Files</Filter>
    </ClInclude>
    <ClInclude Include="engine\gre\include\GreEventQueue.h">
      <Filter>Header Files</Filter>
    </ClInclude>
    <ClInclude Include="engine\view\render\include\RrtRender.h">
      <Filter>Header Files</Filter>
    </ClInclude>
    <ClInclude Include="engine\view\layer\include\RrtCanvasLayer.h">
      <Filter>Header Files</Filter>
    </ClInclude>
    <ClInclude Include="engine\rrt\accelerator\include\BVHBuilder.h">
      <Filter>Header Files</Filter>
    </ClInclude>
    <ClInclude Include="engine\rrt\tools\include\RrtBuffer.h">
      <Filter>Header Files</Filter>
    </ClInclude>
    <ClInclude Include="engine\rrt\tools\include\RrtTriBuf.h">
      <Filter>Header Files</Filter>
    </ClInclude>
    <ClInclude Include="engine\rrt\tools\include\RrtBVHBuf.h">
      <Filter>Header Files</Filter>
    </ClInclude>
    <ClInclude Include="engine\rrt\include\RrtTest.h">
      <Filter>Header Files</Filter>
    </ClInclude>
    <ClInclude Include="engine\rrt\obj\include\Hittable.h">
      <Filter>Header Files</Filter>
    </ClInclude>
    <ClInclude Include="engine\rrt\obj\include\HittableList.h">
      <Filter>Header Files</Filter>
    </ClInclude>
    <ClInclude Include="engine\rrt\obj\include\Ray.h">
      <Filter>Header Files</Filter>
    </ClInclude>
    <ClInclude Include="engine\rrt\obj\include\Sphere.h">
      <Filter>Header Files</Filter>
    </ClInclude>
    <ClInclude Include="engine\rrt\include\RrtDef.h">
      <Filter>Header Files</Filter>
    </ClInclude>
    <ClInclude Include="engine\rrt\tools\include\RrtCamera.h">
      <Filter>Header Files</Filter>
    </ClInclude>
    <ClInclude Include="engine\gfx\include\GfxLib.h">
      <Filter>Header Files</Filter>
    </ClInclude>
    <ClInclude Include="engine\rrt\material\include\LambDiffuse.h">
      <Filter>Header Files</Filter>
    </ClInclude>
    <ClInclude Include="engine\rrt\material\include\Matl.h">
      <Filter>Header Files</Filter>
    </ClInclude>
    <ClInclude Include="engine\rrt\material\include\Metal.h">
      <Filter>Header Files</Filter>
    </ClInclude>
    <ClInclude Include="engine\rrt\material\include\Dielectric.h">
      <Filter>Header Files</Filter>
    </ClInclude>
  </ItemGroup>
  <ItemGroup>
    <QtMoc Include="ui\include\LrMainWindow.h">
      <Filter>Header Files</Filter>
    </QtMoc>
  </ItemGroup>
</Project>